
Microsoft Visual Studio Solution File, Format Version 12.00
# Visual Studio Version 17
VisualStudioVersion = 17.8.34322.80
MinimumVisualStudioVersion = 10.0.40219.1
Project("{FAE04EC0-301F-11D3-BF4B-00C04F79EFBC}") = "Factory", "Factory\Factory.csproj", "{1D05A049-E128-4FFE-B0DA-40B8CAAF9417}"
EndProject
Global
	GlobalSection(SolutionConfigurationPlatforms) = preSolution
		Debug|Any CPU = Debug|Any CPU
		Release|Any CPU = Release|Any CPU
	EndGlobalSection
	GlobalSection(ProjectConfigurationPlatforms) = postSolution
		{1D05A049-E128-4FFE-B0DA-40B8CAAF9417}.Debug|Any CPU.ActiveCfg = Debug|Any CPU
		{1D05A049-E128-4FFE-B0DA-40B8CAAF9417}.Debug|Any CPU.Build.0 = Debug|Any CPU
		{1D05A049-E128-4FFE-B0DA-40B8CAAF9417}.Release|Any CPU.ActiveCfg = Release|Any CPU
		{1D05A049-E128-4FFE-B0DA-40B8CAAF9417}.Release|Any CPU.Build.0 = Release|Any CPU
	EndGlobalSection
	GlobalSection(SolutionProperties) = preSolution
		HideSolutionNode = FALSE
	EndGlobalSection
	GlobalSection(ExtensibilityGlobals) = postSolution
		SolutionGuid = {6625778D-41A4-43D5-9376-E29C9D5B8D19}
	EndGlobalSection
EndGlobal
