
Microsoft Visual Studio Solution File, Format Version 12.00
# Visual Studio Version 17
VisualStudioVersion = 17.8.34322.80
MinimumVisualStudioVersion = 10.0.40219.1
Project("{FAE04EC0-301F-11D3-BF4B-00C04F79EFBC}") = "AbstractFactory", "AbstractFactory\AbstractFactory.csproj", "{FC8BAD88-628B-42F7-BE8E-8AB1E0B54026}"
EndProject
Global
	GlobalSection(SolutionConfigurationPlatforms) = preSolution
		Debug|Any CPU = Debug|Any CPU
		Release|Any CPU = Release|Any CPU
	EndGlobalSection
	GlobalSection(ProjectConfigurationPlatforms) = postSolution
		{FC8BAD88-628B-42F7-BE8E-8AB1E0B54026}.Debug|Any CPU.ActiveCfg = Debug|Any CPU
		{FC8BAD88-628B-42F7-BE8E-8AB1E0B54026}.Debug|Any CPU.Build.0 = Debug|Any CPU
		{FC8BAD88-628B-42F7-BE8E-8AB1E0B54026}.Release|Any CPU.ActiveCfg = Release|Any CPU
		{FC8BAD88-628B-42F7-BE8E-8AB1E0B54026}.Release|Any CPU.Build.0 = Release|Any CPU
	EndGlobalSection
	GlobalSection(SolutionProperties) = preSolution
		HideSolutionNode = FALSE
	EndGlobalSection
	GlobalSection(ExtensibilityGlobals) = postSolution
		SolutionGuid = {268AD18E-6C66-45B7-B187-DC76BF949665}
	EndGlobalSection
EndGlobal
